{
  "name": "notifice",
  "version": "1.2.1",
  "lockfileVersion": 2,
  "requires": true,
  "packages": {
    "": {
      "name": "notifice",
      "version": "1.2.1",
      "license": "MIT",
      "dependencies": {
        "@itsdipankaj/helperjs": "^1.0.0"
      }
    },
    "node_modules/@itsdipankaj/helperjs": {
      "version": "1.0.1",
      "resolved": "https://registry.npmjs.org/@itsdipankaj/helperjs/-/helperjs-1.0.1.tgz",
      "integrity": "sha512-fQIoqNK/vQxVhz7AWCoOuufw48uDSD9GA7mMu3Aix7a/pBINvLhBmruRD22hWcc35U8cVWAviCUssp0GRItQDg=="
    }
  },
  "dependencies": {
    "@itsdipankaj/helperjs": {
      "version": "1.0.1",
      "resolved": "https://registry.npmjs.org/@itsdipankaj/helperjs/-/helperjs-1.0.1.tgz",
      "integrity": "sha512-fQIoqNK/vQxVhz7AWCoOuufw48uDSD9GA7mMu3Aix7a/pBINvLhBmruRD22hWcc35U8cVWAviCUssp0GRItQDg=="
    }
  }
}
